// !$*UTF8*$!
{
	archiveVersion = 1;
	classes = {
	};
	objectVersion = 55;
	objects = {

/* Begin PBXBuildFile section */
		E6558847277FB5CD0027A044 /* LocationMapAnnotationView.swift in Sources */ = {isa = PBXBuildFile; fileRef = E6558846277FB5CD0027A044 /* LocationMapAnnotationView.swift */; };
		E65834C6277D4E4100F7DF0A /* HauntedPlacesApp.swift in Sources */ = {isa = PBXBuildFile; fileRef = E65834C5277D4E4100F7DF0A /* HauntedPlacesApp.swift */; };
		E65834CA277D4E4100F7DF0A /* Assets.xcassets in Resources */ = {isa = PBXBuildFile; fileRef = E65834C9277D4E4100F7DF0A /* Assets.xcassets */; };
		E65834CD277D4E4100F7DF0A /* Preview Assets.xcassets in Resources */ = {isa = PBXBuildFile; fileRef = E65834CC277D4E4100F7DF0A /* Preview Assets.xcassets */; };
		E65834D7277D56B100F7DF0A /* Location.swift in Sources */ = {isa = PBXBuildFile; fileRef = E65834D6277D56B100F7DF0A /* Location.swift */; };
		E65834DA277D57A000F7DF0A /* LocationsDataService.swift in Sources */ = {isa = PBXBuildFile; fileRef = E65834D9277D57A000F7DF0A /* LocationsDataService.swift */; };
		E65834DC277D5A3800F7DF0A /* LocationsView.swift in Sources */ = {isa = PBXBuildFile; fileRef = E65834DB277D5A3800F7DF0A /* LocationsView.swift */; };
		E65834DE277D8C6600F7DF0A /* LocationsViewModel.swift in Sources */ = {isa = PBXBuildFile; fileRef = E65834DD277D8C6600F7DF0A /* LocationsViewModel.swift */; };
		E65834E0277D951700F7DF0A /* LocationsPreviewView.swift in Sources */ = {isa = PBXBuildFile; fileRef = E65834DF277D951700F7DF0A /* LocationsPreviewView.swift */; };
		E69ACAD0278174040075C408 /* LocationDetailView.swift in Sources */ = {isa = PBXBuildFile; fileRef = E69ACACF278174040075C408 /* LocationDetailView.swift */; };
/* End PBXBuildFile section */

/* Begin PBXFileReference section */
		E6558846277FB5CD0027A044 /* LocationMapAnnotationView.swift */ = {isa = PBXFileReference; lastKnownFileType = sourcecode.swift; path = LocationMapAnnotationView.swift; sourceTree = "<group>"; };
		E65834C2277D4E4100F7DF0A /* HauntedPlaces.app */ = {isa = PBXFileReference; explicitFileType = wrapper.application; includeInIndex = 0; path = HauntedPlaces.app; sourceTree = BUILT_PRODUCTS_DIR; };
		E65834C5277D4E4100F7DF0A /* HauntedPlacesApp.swift */ = {isa = PBXFileReference; lastKnownFileType = sourcecode.swift; path = HauntedPlacesApp.swift; sourceTree = "<group>"; };
		E65834C9277D4E4100F7DF0A /* Assets.xcassets */ = {isa = PBXFileReference; lastKnownFileType = folder.assetcatalog; path = Assets.xcassets; sourceTree = "<group>"; };
		E65834CC277D4E4100F7DF0A /* Preview Assets.xcassets */ = {isa = PBXFileReference; lastKnownFileType = folder.assetcatalog; path = "Preview Assets.xcassets"; sourceTree = "<group>"; };
		E65834D6277D56B100F7DF0A /* Location.swift */ = {isa = PBXFileReference; lastKnownFileType = sourcecode.swift; path = Location.swift; sourceTree = "<group>"; };
		E65834D9277D57A000F7DF0A /* LocationsDataService.swift */ = {isa = PBXFileReference; fileEncoding = 4; lastKnownFileType = sourcecode.swift; path = LocationsDataService.swift; sourceTree = "<group>"; };
		E65834DB277D5A3800F7DF0A /* LocationsView.swift */ = {isa = PBXFileReference; lastKnownFileType = sourcecode.swift; path = LocationsView.swift; sourceTree = "<group>"; };
		E65834DD277D8C6600F7DF0A /* LocationsViewModel.swift */ = {isa = PBXFileReference; lastKnownFileType = sourcecode.swift; path = LocationsViewModel.swift; sourceTree = "<group>"; };
		E65834DF277D951700F7DF0A /* LocationsPreviewView.swift */ = {isa = PBXFileReference; lastKnownFileType = sourcecode.swift; path = LocationsPreviewView.swift; sourceTree = "<group>"; };
		E69ACACF278174040075C408 /* LocationDetailView.swift */ = {isa = PBXFileReference; lastKnownFileType = sourcecode.swift; path = LocationDetailView.swift; sourceTree = "<group>"; };
/* End PBXFileReference section */

/* Begin PBXFrameworksBuildPhase section */
		E65834BF277D4E4100F7DF0A /* Frameworks */ = {
			isa = PBXFrameworksBuildPhase;
			buildActionMask = 2147483647;
			files = (
			);
			runOnlyForDeploymentPostprocessing = 0;
		};
/* End PBXFrameworksBuildPhase section */

/* Begin PBXGroup section */
		E65834B9277D4E4100F7DF0A = {
			isa = PBXGroup;
			children = (
				E65834C4277D4E4100F7DF0A /* HauntedPlaces */,
				E65834C3277D4E4100F7DF0A /* Products */,
			);
			sourceTree = "<group>";
		};
		E65834C3277D4E4100F7DF0A /* Products */ = {
			isa = PBXGroup;
			children = (
				E65834C2277D4E4100F7DF0A /* HauntedPlaces.app */,
			);
			name = Products;
			sourceTree = "<group>";
		};
		E65834C4277D4E4100F7DF0A /* HauntedPlaces */ = {
			isa = PBXGroup;
			children = (
				E65834C5277D4E4100F7DF0A /* HauntedPlacesApp.swift */,
				E65834D8277D577500F7DF0A /* DataServices */,
				E65834D3277D566100F7DF0A /* Models */,
				E65834D4277D566600F7DF0A /* Views */,
				E65834D5277D566D00F7DF0A /* ViewModels */,
				E65834C9277D4E4100F7DF0A /* Assets.xcassets */,
				E65834CB277D4E4100F7DF0A /* Preview Content */,
			);
			path = HauntedPlaces;
			sourceTree = "<group>";
		};
		E65834CB277D4E4100F7DF0A /* Preview Content */ = {
			isa = PBXGroup;
			children = (
				E65834CC277D4E4100F7DF0A /* Preview Assets.xcassets */,
			);
			path = "Preview Content";
			sourceTree = "<group>";
		};
		E65834D3277D566100F7DF0A /* Models */ = {
			isa = PBXGroup;
			children = (
				E65834D6277D56B100F7DF0A /* Location.swift */,
			);
			path = Models;
			sourceTree = "<group>";
		};
		E65834D4277D566600F7DF0A /* Views */ = {
			isa = PBXGroup;
			children = (
				E65834DB277D5A3800F7DF0A /* LocationsView.swift */,
				E65834DF277D951700F7DF0A /* LocationsPreviewView.swift */,
				E6558846277FB5CD0027A044 /* LocationMapAnnotationView.swift */,
				E69ACACF278174040075C408 /* LocationDetailView.swift */,
			);
			path = Views;
			sourceTree = "<group>";
		};
		E65834D5277D566D00F7DF0A /* ViewModels */ = {
			isa = PBXGroup;
			children = (
				E65834DD277D8C6600F7DF0A /* LocationsViewModel.swift */,
			);
			path = ViewModels;
			sourceTree = "<group>";
		};
		E65834D8277D577500F7DF0A /* DataServices */ = {
			isa = PBXGroup;
			children = (
				E65834D9277D57A000F7DF0A /* LocationsDataService.swift */,
			);
			path = DataServices;
			sourceTree = "<group>";
		};
/* End PBXGroup section */

/* Begin PBXNativeTarget section */
		E65834C1277D4E4100F7DF0A /* HauntedPlaces */ = {
			isa = PBXNativeTarget;
			buildConfigurationList = E65834D0277D4E4100F7DF0A /* Build configuration list for PBXNativeTarget "HauntedPlaces" */;
			buildPhases = (
				E65834BE277D4E4100F7DF0A /* Sources */,
				E65834BF277D4E4100F7DF0A /* Frameworks */,
				E65834C0277D4E4100F7DF0A /* Resources */,
			);
			buildRules = (
			);
			dependencies = (
			);
			name = HauntedPlaces;
			productName = HauntedPlaces;
			productReference = E65834C2277D4E4100F7DF0A /* HauntedPlaces.app */;
			productType = "com.apple.product-type.application";
		};
/* End PBXNativeTarget section */

/* Begin PBXProject section */
		E65834BA277D4E4100F7DF0A /* Project object */ = {
			isa = PBXProject;
			attributes = {
				BuildIndependentTargetsInParallel = 1;
				LastSwiftUpdateCheck = 1320;
				LastUpgradeCheck = 1320;
				TargetAttributes = {
					E65834C1277D4E4100F7DF0A = {
						CreatedOnToolsVersion = 13.2.1;
					};
				};
			};
			buildConfigurationList = E65834BD277D4E4100F7DF0A /* Build configuration list for PBXProject "HauntedPlaces" */;
			compatibilityVersion = "Xcode 13.0";
			developmentRegion = en;
			hasScannedForEncodings = 0;
			knownRegions = (
				en,
				Base,
			);
			mainGroup = E65834B9277D4E4100F7DF0A;
			productRefGroup = E65834C3277D4E4100F7DF0A /* Products */;
			projectDirPath = "";
			projectRoot = "";
			targets = (
				E65834C1277D4E4100F7DF0A /* HauntedPlaces */,
			);
		};
/* End PBXProject section */

/* Begin PBXResourcesBuildPhase section */
		E65834C0277D4E4100F7DF0A /* Resources */ = {
			isa = PBXResourcesBuildPhase;
			buildActionMask = 2147483647;
			files = (
				E65834CD277D4E4100F7DF0A /* Preview Assets.xcassets in Resources */,
				E65834CA277D4E4100F7DF0A /* Assets.xcassets in Resources */,
			);
			runOnlyForDeploymentPostprocessing = 0;
		};
/* End PBXResourcesBuildPhase section */

/* Begin PBXSourcesBuildPhase section */
		E65834BE277D4E4100F7DF0A /* Sources */ = {
			isa = PBXSourcesBuildPhase;
			buildActionMask = 2147483647;
			files = (
				E65834DA277D57A000F7DF0A /* LocationsDataService.swift in Sources */,
				E65834DE277D8C6600F7DF0A /* LocationsViewModel.swift in Sources */,
				E69ACAD0278174040075C408 /* LocationDetailView.swift in Sources */,
				E65834DC277D5A3800F7DF0A /* LocationsView.swift in Sources */,
				E65834E0277D951700F7DF0A /* LocationsPreviewView.swift in Sources */,
				E65834D7277D56B100F7DF0A /* Location.swift in Sources */,
				E65834C6277D4E4100F7DF0A /* HauntedPlacesApp.swift in Sources */,
				E6558847277FB5CD0027A044 /* LocationMapAnnotationView.swift in Sources */,
			);
			runOnlyForDeploymentPostprocessing = 0;
		};
/* End PBXSourcesBuildPhase section */

/* Begin XCBuildConfiguration section */
		E65834CE277D4E4100F7DF0A /* Debug */ = {
			isa = XCBuildConfiguration;
			buildSettings = {
				ALWAYS_SEARCH_USER_PATHS = NO;
				CLANG_ANALYZER_NONNULL = YES;
				CLANG_ANALYZER_NUMBER_OBJECT_CONVERSION = YES_AGGRESSIVE;
				CLANG_CXX_LANGUAGE_STANDARD = "gnu++17";
				CLANG_CXX_LIBRARY = "libc++";
				CLANG_ENABLE_MODULES = YES;
				CLANG_ENABLE_OBJC_ARC = YES;
				CLANG_ENABLE_OBJC_WEAK = YES;
				CLANG_WARN_BLOCK_CAPTURE_AUTORELEASING = YES;
				CLANG_WARN_BOOL_CONVERSION = YES;
				CLANG_WARN_COMMA = YES;
				CLANG_WARN_CONSTANT_CONVERSION = YES;
				CLANG_WARN_DEPRECATED_OBJC_IMPLEMENTATIONS = YES;
				CLANG_WARN_DIRECT_OBJC_ISA_USAGE = YES_ERROR;
				CLANG_WARN_DOCUMENTATION_COMMENTS = YES;
				CLANG_WARN_EMPTY_BODY = YES;
				CLANG_WARN_ENUM_CONVERSION = YES;
				CLANG_WARN_INFINITE_RECURSION = YES;
				CLANG_WARN_INT_CONVERSION = YES;
				CLANG_WARN_NON_LITERAL_NULL_CONVERSION = YES;
				CLANG_WARN_OBJC_IMPLICIT_RETAIN_SELF = YES;
				CLANG_WARN_OBJC_LITERAL_CONVERSION = YES;
				CLANG_WARN_OBJC_ROOT_CLASS = YES_ERROR;
				CLANG_WARN_QUOTED_INCLUDE_IN_FRAMEWORK_HEADER = YES;
				CLANG_WARN_RANGE_LOOP_ANALYSIS = YES;
				CLANG_WARN_STRICT_PROTOTYPES = YES;
				CLANG_WARN_SUSPICIOUS_MOVE = YES;
				CLANG_WARN_UNGUARDED_AVAILABILITY = YES_AGGRESSIVE;
				CLANG_WARN_UNREACHABLE_CODE = YES;
				CLANG_WARN__DUPLICATE_METHOD_MATCH = YES;
				COPY_PHASE_STRIP = NO;
				DEBUG_INFORMATION_FORMAT = dwarf;
				ENABLE_STRICT_OBJC_MSGSEND = YES;
				ENABLE_TESTABILITY = YES;
				GCC_C_LANGUAGE_STANDARD = gnu11;
				GCC_DYNAMIC_NO_PIC = NO;
				GCC_NO_COMMON_BLOCKS = YES;
				GCC_OPTIMIZATION_LEVEL = 0;
				GCC_PREPROCESSOR_DEFINITIONS = (
					"DEBUG=1",
					"$(inherited)",
				);
				GCC_WARN_64_TO_32_BIT_CONVERSION = YES;
				GCC_WARN_ABOUT_RETURN_TYPE = YES_ERROR;
				GCC_WARN_UNDECLARED_SELECTOR = YES;
				GCC_WARN_UNINITIALIZED_AUTOS = YES_AGGRESSIVE;
				GCC_WARN_UNUSED_FUNCTION = YES;
				GCC_WARN_UNUSED_VARIABLE = YES;
				IPHONEOS_DEPLOYMENT_TARGET = 15.2;
				MTL_ENABLE_DEBUG_INFO = INCLUDE_SOURCE;
				MTL_FAST_MATH = YES;
				ONLY_ACTIVE_ARCH = YES;
				SDKROOT = iphoneos;
				SWIFT_ACTIVE_COMPILATION_CONDITIONS = DEBUG;
				SWIFT_OPTIMIZATION_LEVEL = "-Onone";
			};
			name = Debug;
		};
		E65834CF277D4E4100F7DF0A /* Release */ = {
			isa = XCBuildConfiguration;
			buildSettings = {
				ALWAYS_SEARCH_USER_PATHS = NO;
				CLANG_ANALYZER_NONNULL = YES;
				CLANG_ANALYZER_NUMBER_OBJECT_CONVERSION = YES_AGGRESSIVE;
				CLANG_CXX_LANGUAGE_STANDARD = "gnu++17";
				CLANG_CXX_LIBRARY = "libc++";
				CLANG_ENABLE_MODULES = YES;
				CLANG_ENABLE_OBJC_ARC = YES;
				CLANG_ENABLE_OBJC_WEAK = YES;
				CLANG_WARN_BLOCK_CAPTURE_AUTORELEASING = YES;
				CLANG_WARN_BOOL_CONVERSION = YES;
				CLANG_WARN_COMMA = YES;
				CLANG_WARN_CONSTANT_CONVERSION = YES;
				CLANG_WARN_DEPRECATED_OBJC_IMPLEMENTATIONS = YES;
				CLANG_WARN_DIRECT_OBJC_ISA_USAGE = YES_ERROR;
				CLANG_WARN_DOCUMENTATION_COMMENTS = YES;
				CLANG_WARN_EMPTY_BODY = YES;
				CLANG_WARN_ENUM_CONVERSION = YES;
				CLANG_WARN_INFINITE_RECURSION = YES;
				CLANG_WARN_INT_CONVERSION = YES;
				CLANG_WARN_NON_LITERAL_NULL_CONVERSION = YES;
				CLANG_WARN_OBJC_IMPLICIT_RETAIN_SELF = YES;
				CLANG_WARN_OBJC_LITERAL_CONVERSION = YES;
				CLANG_WARN_OBJC_ROOT_CLASS = YES_ERROR;
				CLANG_WARN_QUOTED_INCLUDE_IN_FRAMEWORK_HEADER = YES;
				CLANG_WARN_RANGE_LOOP_ANALYSIS = YES;
				CLANG_WARN_STRICT_PROTOTYPES = YES;
				CLANG_WARN_SUSPICIOUS_MOVE = YES;
				CLANG_WARN_UNGUARDED_AVAILABILITY = YES_AGGRESSIVE;
				CLANG_WARN_UNREACHABLE_CODE = YES;
				CLANG_WARN__DUPLICATE_METHOD_MATCH = YES;
				COPY_PHASE_STRIP = NO;
				DEBUG_INFORMATION_FORMAT = "dwarf-with-dsym";
				ENABLE_NS_ASSERTIONS = NO;
				ENABLE_STRICT_OBJC_MSGSEND = YES;
				GCC_C_LANGUAGE_STANDARD = gnu11;
				GCC_NO_COMMON_BLOCKS = YES;
				GCC_WARN_64_TO_32_BIT_CONVERSION = YES;
				GCC_WARN_ABOUT_RETURN_TYPE = YES_ERROR;
				GCC_WARN_UNDECLARED_SELECTOR = YES;
				GCC_WARN_UNINITIALIZED_AUTOS = YES_AGGRESSIVE;
				GCC_WARN_UNUSED_FUNCTION = YES;
				GCC_WARN_UNUSED_VARIABLE = YES;
				IPHONEOS_DEPLOYMENT_TARGET = 15.2;
				MTL_ENABLE_DEBUG_INFO = NO;
				MTL_FAST_MATH = YES;
				SDKROOT = iphoneos;
				SWIFT_COMPILATION_MODE = wholemodule;
				SWIFT_OPTIMIZATION_LEVEL = "-O";
				VALIDATE_PRODUCT = YES;
			};
			name = Release;
		};
		E65834D1277D4E4100F7DF0A /* Debug */ = {
			isa = XCBuildConfiguration;
			buildSettings = {
				ASSETCATALOG_COMPILER_APPICON_NAME = AppIcon;
				ASSETCATALOG_COMPILER_GLOBAL_ACCENT_COLOR_NAME = AccentColor;
				CODE_SIGN_STYLE = Automatic;
				CURRENT_PROJECT_VERSION = 1;
				DEVELOPMENT_ASSET_PATHS = "\"HauntedPlaces/Preview Content\"";
				DEVELOPMENT_TEAM = 6FCDXPPZ3P;
				ENABLE_PREVIEWS = YES;
				GENERATE_INFOPLIST_FILE = YES;
				INFOPLIST_KEY_UIApplicationSceneManifest_Generation = YES;
				INFOPLIST_KEY_UIApplicationSupportsIndirectInputEvents = YES;
				INFOPLIST_KEY_UILaunchScreen_Generation = YES;
				INFOPLIST_KEY_UISupportedInterfaceOrientations_iPad = "UIInterfaceOrientationPortrait UIInterfaceOrientationPortraitUpsideDown UIInterfaceOrientationLandscapeLeft UIInterfaceOrientationLandscapeRight";
				INFOPLIST_KEY_UISupportedInterfaceOrientations_iPhone = "UIInterfaceOrientationPortrait UIInterfaceOrientationLandscapeLeft UIInterfaceOrientationLandscapeRight";
				LD_RUNPATH_SEARCH_PATHS = (
					"$(inherited)",
					"@executable_path/Frameworks",
				);
				MARKETING_VERSION = 1.0;
				PRODUCT_BUNDLE_IDENTIFIER = com.fractalworkshop.HauntedPlaces;
				PRODUCT_NAME = "$(TARGET_NAME)";
				SWIFT_EMIT_LOC_STRINGS = YES;
				SWIFT_VERSION = 5.0;
				TARGETED_DEVICE_FAMILY = "1,2";
			};
			name = Debug;
		};
		E65834D2277D4E4100F7DF0A /* Release */ = {
			isa = XCBuildConfiguration;
			buildSettings = {
				ASSETCATALOG_COMPILER_APPICON_NAME = AppIcon;
				ASSETCATALOG_COMPILER_GLOBAL_ACCENT_COLOR_NAME = AccentColor;
				CODE_SIGN_STYLE = Automatic;
				CURRENT_PROJECT_VERSION = 1;
				DEVELOPMENT_ASSET_PATHS = "\"HauntedPlaces/Preview Content\"";
				DEVELOPMENT_TEAM = 6FCDXPPZ3P;
				ENABLE_PREVIEWS = YES;
				GENERATE_INFOPLIST_FILE = YES;
				INFOPLIST_KEY_UIApplicationSceneManifest_Generation = YES;
				INFOPLIST_KEY_UIApplicationSupportsIndirectInputEvents = YES;
				INFOPLIST_KEY_UILaunchScreen_Generation = YES;
				INFOPLIST_KEY_UISupportedInterfaceOrientations_iPad = "UIInterfaceOrientationPortrait UIInterfaceOrientationPortraitUpsideDown UIInterfaceOrientationLandscapeLeft UIInterfaceOrientationLandscapeRight";
				INFOPLIST_KEY_UISupportedInterfaceOrientations_iPhone = "UIInterfaceOrientationPortrait UIInterfaceOrientationLandscapeLeft UIInterfaceOrientationLandscapeRight";
				LD_RUNPATH_SEARCH_PATHS = (
					"$(inherited)",
					"@executable_path/Frameworks",
				);
				MARKETING_VERSION = 1.0;
				PRODUCT_BUNDLE_IDENTIFIER = com.fractalworkshop.HauntedPlaces;
				PRODUCT_NAME = "$(TARGET_NAME)";
				SWIFT_EMIT_LOC_STRINGS = YES;
				SWIFT_VERSION = 5.0;
				TARGETED_DEVICE_FAMILY = "1,2";
			};
			name = Release;
		};
/* End XCBuildConfiguration section */

/* Begin XCConfigurationList section */
		E65834BD277D4E4100F7DF0A /* Build configuration list for PBXProject "HauntedPlaces" */ = {
			isa = XCConfigurationList;
			buildConfigurations = (
				E65834CE277D4E4100F7DF0A /* Debug */,
				E65834CF277D4E4100F7DF0A /* Release */,
			);
			defaultConfigurationIsVisible = 0;
			defaultConfigurationName = Release;
		};
		E65834D0277D4E4100F7DF0A /* Build configuration list for PBXNativeTarget "HauntedPlaces" */ = {
			isa = XCConfigurationList;
			buildConfigurations = (
				E65834D1277D4E4100F7DF0A /* Debug */,
				E65834D2277D4E4100F7DF0A /* Release */,
			);
			defaultConfigurationIsVisible = 0;
			defaultConfigurationName = Release;
		};
/* End XCConfigurationList section */
	};
	rootObject = E65834BA277D4E4100F7DF0A /* Project object */;
}
